Microsoft Visual Studio Solution File, Format Version 12.00
# Visual Studio Version 17
VisualStudioVersion = 17.0.32014.148
MinimumVisualStudioVersion = 10.0.40219.1
Project("{9A19103F-16F7-4668-BE54-9A1E7A4F7556}") = "GreenEnergyHub.Charges.Domain", "source\GreenEnergyHub.Charges.Domain\GreenEnergyHub.Charges.Domain.csproj", "{A8D6B689-482A-4964-9B3C-1BF9DA9496E3}"
EndProject
Project("{9A19103F-16F7-4668-BE54-9A1E7A4F7556}") = "GreenEnergyHub.Charges.Application", "source\GreenEnergyHub.Charges.Application\GreenEnergyHub.Charges.Application.csproj", "{B3CC1EFC-DA6C-45F3-9AA6-D75FDBE1504B}"
EndProject
Project("{9A19103F-16F7-4668-BE54-9A1E7A4F7556}") = "GreenEnergyHub.Charges.Infrastructure", "source\GreenEnergyHub.Charges.Infrastructure\GreenEnergyHub.Charges.Infrastructure.csproj", "{4EA05C50-C0AE-4ACB-90BA-A4433A9A1C61}"
EndProject
Project("{9A19103F-16F7-4668-BE54-9A1E7A4F7556}") = "GreenEnergyHub.Charges.Tests", "source\GreenEnergyHub.Charges.Tests\GreenEnergyHub.Charges.Tests.csproj", "{68412EBF-701D-467D-8716-74269E171F41}"
EndProject
Project("{2150E333-8FDC-42A3-9474-1A3956D46DE8}") = "Hosts", "Hosts", "{832447E5-7A46-4381-817C-5D73A20510C2}"
EndProject
Project("{2150E333-8FDC-42A3-9474-1A3956D46DE8}") = "Tests", "Tests", "{05DE980B-A2A7-4235-AE53-3167E94699DD}"
EndProject
Project("{2150E333-8FDC-42A3-9474-1A3956D46DE8}") = "GreenEnergyHub", "GreenEnergyHub", "{9FE16521-EC21-4551-9E51-0C6702D21098}"
EndProject
Project("{9A19103F-16F7-4668-BE54-9A1E7A4F7556}") = "GreenEnergyHub.Json", "..\Shared\GreenEnergyHub\source\GreenEnergyHub.Json\GreenEnergyHub.Json.csproj", "{85B5E913-F347-4EA6-B7D6-FED1BFD1FB89}"
EndProject
Project("{9A19103F-16F7-4668-BE54-9A1E7A4F7556}") = "GreenEnergyHub.TestHelpers", "..\Shared\GreenEnergyHub\source\GreenEnergyHub.TestHelpers\GreenEnergyHub.TestHelpers.csproj", "{374A128A-2E02-4978-A629-2B820B8A48E5}"
EndProject
Project("{9A19103F-16F7-4668-BE54-9A1E7A4F7556}") = "GreenEnergyHub.Charges.QueryApi", "source\GreenEnergyHub.Charges.QueryApi\GreenEnergyHub.Charges.QueryApi.csproj", "{A709D6A2-C764-44A6-9006-F17FBDD373DE}"
EndProject
Project("{2150E333-8FDC-42A3-9474-1A3956D46DE8}") = "Command", "Command", "{36B51694-3E21-4365-9064-8FE1C66802FA}"
EndProject
Project("{9A19103F-16F7-4668-BE54-9A1E7A4F7556}") = "GreenEnergyHub.Charges.MessageHub", "source\GreenEnergyHub.Charges.MessageHub\GreenEnergyHub.Charges.MessageHub.csproj", "{A65CCB3D-383F-41E8-A2C0-2C92EF43F75D}"
EndProject
Project("{9A19103F-16F7-4668-BE54-9A1E7A4F7556}") = "GreenEnergyHub.Charges.Infrastructure.Core", "source\GreenEnergyHub.Charges.Infrastructure.Core\GreenEnergyHub.Charges.Infrastructure.Core.csproj", "{0E460B69-92CA-4FBC-85B8-27A1B24237AB}"
EndProject
Project("{9A19103F-16F7-4668-BE54-9A1E7A4F7556}") = "GreenEnergyHub.Charges.ApplyDBMigrationsApp", "source\GreenEnergyHub.Charges.ApplyDBMigrationsApp\GreenEnergyHub.Charges.ApplyDBMigrationsApp.csproj", "{111D6B3F-0005-4740-B486-CFA7FD887F3D}"
EndProject
Project("{9A19103F-16F7-4668-BE54-9A1E7A4F7556}") = "GreenEnergyHub.Iso8601", "..\iso8601\GreenEnergyHub.Iso8601\GreenEnergyHub.Iso8601.csproj", "{3952688E-AEDD-4197-8760-5987185680B0}"
EndProject
Project("{9A19103F-16F7-4668-BE54-9A1E7A4F7556}") = "GreenEnergyHub.Charges.Core", "source\GreenEnergyHub.Charges.Core\GreenEnergyHub.Charges.Core.csproj", "{7EB158E1-FC7E-4591-B2CC-12F5ECAC21FA}"
EndProject
Project("{9A19103F-16F7-4668-BE54-9A1E7A4F7556}") = "GreenEnergyHub.Charges.IntegrationTests", "source\GreenEnergyHub.Charges.IntegrationTests\GreenEnergyHub.Charges.IntegrationTests.csproj", "{BC92EDE8-BDD4-49B2-AFFC-475DB29209B7}"
EndProject
Project("{9A19103F-16F7-4668-BE54-9A1E7A4F7556}") = "GreenEnergyHub.Charges.TestCore", "source\GreenEnergyHub.Charges.TestCore\GreenEnergyHub.Charges.TestCore.csproj", "{9E2BAFBA-DD6E-44B8-803E-A9F6B3DB47B6}"
EndProject
Project("{9A19103F-16F7-4668-BE54-9A1E7A4F7556}") = "GreenEnergyHub.Charges.FunctionHost", "source\GreenEnergyHub.Charges.FunctionHost\GreenEnergyHub.Charges.FunctionHost.csproj", "{539A7F51-A284-4268-AA14-98BB6122F5EB}"
EndProject
Project("{9A19103F-16F7-4668-BE54-9A1E7A4F7556}") = "GreenEnergyHub.Charges.WebApi", "source\GreenEnergyHub.Charges.WebApi\GreenEnergyHub.Charges.WebApi.csproj", "{6AB73278-5569-481E-88E3-9845BEEDB086}"
EndProject
Project("{9A19103F-16F7-4668-BE54-9A1E7A4F7556}") = "GreenEnergyHub.Charges.SystemTests", "source\GreenEnergyHub.Charges.SystemTests\GreenEnergyHub.Charges.SystemTests.csproj", "{5D640331-8137-4975-8090-0078731F5C5F}"
EndProject
Project("{FAE04EC0-301F-11D3-BF4B-00C04F79EFBC}") = "GreenEnergyHub.Charges.IntegrationTest.Core", "source\GreenEnergyHub.Charges.IntegrationTest.Core\GreenEnergyHub.Charges.IntegrationTest.Core.csproj", "{0A95D547-67D4-4C8A-8DBF-D6E8B9667CFD}"
EndProject
Global
	GlobalSection(SolutionConfigurationPlatforms) = preSolution
		Debug|Any CPU = Debug|Any CPU
		Release|Any CPU = Release|Any CPU
	EndGlobalSection
	GlobalSection(ProjectConfigurationPlatforms) = postSolution
		{A8D6B689-482A-4964-9B3C-1BF9DA9496E3}.Debug|Any CPU.ActiveCfg = Debug|Any CPU
		{A8D6B689-482A-4964-9B3C-1BF9DA9496E3}.Debug|Any CPU.Build.0 = Debug|Any CPU
		{A8D6B689-482A-4964-9B3C-1BF9DA9496E3}.Release|Any CPU.ActiveCfg = Release|Any CPU
		{A8D6B689-482A-4964-9B3C-1BF9DA9496E3}.Release|Any CPU.Build.0 = Release|Any CPU
		{B3CC1EFC-DA6C-45F3-9AA6-D75FDBE1504B}.Debug|Any CPU.ActiveCfg = Debug|Any CPU
		{B3CC1EFC-DA6C-45F3-9AA6-D75FDBE1504B}.Debug|Any CPU.Build.0 = Debug|Any CPU
		{B3CC1EFC-DA6C-45F3-9AA6-D75FDBE1504B}.Release|Any CPU.ActiveCfg = Release|Any CPU
		{B3CC1EFC-DA6C-45F3-9AA6-D75FDBE1504B}.Release|Any CPU.Build.0 = Release|Any CPU
		{4EA05C50-C0AE-4ACB-90BA-A4433A9A1C61}.Debug|Any CPU.ActiveCfg = Debug|Any CPU
		{4EA05C50-C0AE-4ACB-90BA-A4433A9A1C61}.Debug|Any CPU.Build.0 = Debug|Any CPU
		{4EA05C50-C0AE-4ACB-90BA-A4433A9A1C61}.Release|Any CPU.ActiveCfg = Release|Any CPU
		{4EA05C50-C0AE-4ACB-90BA-A4433A9A1C61}.Release|Any CPU.Build.0 = Release|Any CPU
		{68412EBF-701D-467D-8716-74269E171F41}.Debug|Any CPU.ActiveCfg = Debug|Any CPU
		{68412EBF-701D-467D-8716-74269E171F41}.Debug|Any CPU.Build.0 = Debug|Any CPU
		{68412EBF-701D-467D-8716-74269E171F41}.Release|Any CPU.ActiveCfg = Release|Any CPU
		{68412EBF-701D-467D-8716-74269E171F41}.Release|Any CPU.Build.0 = Release|Any CPU
		{85B5E913-F347-4EA6-B7D6-FED1BFD1FB89}.Debug|Any CPU.ActiveCfg = Debug|Any CPU
		{85B5E913-F347-4EA6-B7D6-FED1BFD1FB89}.Debug|Any CPU.Build.0 = Debug|Any CPU
		{85B5E913-F347-4EA6-B7D6-FED1BFD1FB89}.Release|Any CPU.ActiveCfg = Release|Any CPU
		{85B5E913-F347-4EA6-B7D6-FED1BFD1FB89}.Release|Any CPU.Build.0 = Release|Any CPU
		{374A128A-2E02-4978-A629-2B820B8A48E5}.Debug|Any CPU.ActiveCfg = Debug|Any CPU
		{374A128A-2E02-4978-A629-2B820B8A48E5}.Debug|Any CPU.Build.0 = Debug|Any CPU
		{374A128A-2E02-4978-A629-2B820B8A48E5}.Release|Any CPU.ActiveCfg = Release|Any CPU
		{374A128A-2E02-4978-A629-2B820B8A48E5}.Release|Any CPU.Build.0 = Release|Any CPU
		{A709D6A2-C764-44A6-9006-F17FBDD373DE}.Debug|Any CPU.ActiveCfg = Debug|Any CPU
		{A709D6A2-C764-44A6-9006-F17FBDD373DE}.Debug|Any CPU.Build.0 = Debug|Any CPU
		{A709D6A2-C764-44A6-9006-F17FBDD373DE}.Release|Any CPU.ActiveCfg = Release|Any CPU
		{A709D6A2-C764-44A6-9006-F17FBDD373DE}.Release|Any CPU.Build.0 = Release|Any CPU
		{A65CCB3D-383F-41E8-A2C0-2C92EF43F75D}.Debug|Any CPU.ActiveCfg = Debug|Any CPU
		{A65CCB3D-383F-41E8-A2C0-2C92EF43F75D}.Debug|Any CPU.Build.0 = Debug|Any CPU
		{A65CCB3D-383F-41E8-A2C0-2C92EF43F75D}.Release|Any CPU.ActiveCfg = Release|Any CPU
		{A65CCB3D-383F-41E8-A2C0-2C92EF43F75D}.Release|Any CPU.Build.0 = Release|Any CPU
		{0E460B69-92CA-4FBC-85B8-27A1B24237AB}.Debug|Any CPU.ActiveCfg = Debug|Any CPU
		{0E460B69-92CA-4FBC-85B8-27A1B24237AB}.Debug|Any CPU.Build.0 = Debug|Any CPU
		{0E460B69-92CA-4FBC-85B8-27A1B24237AB}.Release|Any CPU.ActiveCfg = Release|Any CPU
		{0E460B69-92CA-4FBC-85B8-27A1B24237AB}.Release|Any CPU.Build.0 = Release|Any CPU
		{111D6B3F-0005-4740-B486-CFA7FD887F3D}.Debug|Any CPU.ActiveCfg = Debug|Any CPU
		{111D6B3F-0005-4740-B486-CFA7FD887F3D}.Debug|Any CPU.Build.0 = Debug|Any CPU
		{111D6B3F-0005-4740-B486-CFA7FD887F3D}.Release|Any CPU.ActiveCfg = Release|Any CPU
		{111D6B3F-0005-4740-B486-CFA7FD887F3D}.Release|Any CPU.Build.0 = Release|Any CPU
		{3952688E-AEDD-4197-8760-5987185680B0}.Debug|Any CPU.ActiveCfg = Debug|Any CPU
		{3952688E-AEDD-4197-8760-5987185680B0}.Debug|Any CPU.Build.0 = Debug|Any CPU
		{3952688E-AEDD-4197-8760-5987185680B0}.Release|Any CPU.ActiveCfg = Release|Any CPU
		{3952688E-AEDD-4197-8760-5987185680B0}.Release|Any CPU.Build.0 = Release|Any CPU
		{7EB158E1-FC7E-4591-B2CC-12F5ECAC21FA}.Debug|Any CPU.ActiveCfg = Debug|Any CPU
		{7EB158E1-FC7E-4591-B2CC-12F5ECAC21FA}.Debug|Any CPU.Build.0 = Debug|Any CPU
		{7EB158E1-FC7E-4591-B2CC-12F5ECAC21FA}.Release|Any CPU.ActiveCfg = Release|Any CPU
		{7EB158E1-FC7E-4591-B2CC-12F5ECAC21FA}.Release|Any CPU.Build.0 = Release|Any CPU
		{BC92EDE8-BDD4-49B2-AFFC-475DB29209B7}.Debug|Any CPU.ActiveCfg = Debug|Any CPU
		{BC92EDE8-BDD4-49B2-AFFC-475DB29209B7}.Debug|Any CPU.Build.0 = Debug|Any CPU
		{BC92EDE8-BDD4-49B2-AFFC-475DB29209B7}.Release|Any CPU.ActiveCfg = Release|Any CPU
		{BC92EDE8-BDD4-49B2-AFFC-475DB29209B7}.Release|Any CPU.Build.0 = Release|Any CPU
		{9E2BAFBA-DD6E-44B8-803E-A9F6B3DB47B6}.Debug|Any CPU.ActiveCfg = Debug|Any CPU
		{9E2BAFBA-DD6E-44B8-803E-A9F6B3DB47B6}.Debug|Any CPU.Build.0 = Debug|Any CPU
		{9E2BAFBA-DD6E-44B8-803E-A9F6B3DB47B6}.Release|Any CPU.ActiveCfg = Release|Any CPU
		{9E2BAFBA-DD6E-44B8-803E-A9F6B3DB47B6}.Release|Any CPU.Build.0 = Release|Any CPU
		{539A7F51-A284-4268-AA14-98BB6122F5EB}.Debug|Any CPU.ActiveCfg = Debug|Any CPU
		{539A7F51-A284-4268-AA14-98BB6122F5EB}.Debug|Any CPU.Build.0 = Debug|Any CPU
		{539A7F51-A284-4268-AA14-98BB6122F5EB}.Release|Any CPU.ActiveCfg = Release|Any CPU
		{539A7F51-A284-4268-AA14-98BB6122F5EB}.Release|Any CPU.Build.0 = Release|Any CPU
		{6AB73278-5569-481E-88E3-9845BEEDB086}.Debug|Any CPU.ActiveCfg = Debug|Any CPU
		{6AB73278-5569-481E-88E3-9845BEEDB086}.Debug|Any CPU.Build.0 = Debug|Any CPU
		{6AB73278-5569-481E-88E3-9845BEEDB086}.Release|Any CPU.ActiveCfg = Release|Any CPU
		{6AB73278-5569-481E-88E3-9845BEEDB086}.Release|Any CPU.Build.0 = Release|Any CPU
		{5D640331-8137-4975-8090-0078731F5C5F}.Debug|Any CPU.ActiveCfg = Debug|Any CPU
		{5D640331-8137-4975-8090-0078731F5C5F}.Debug|Any CPU.Build.0 = Debug|Any CPU
		{5D640331-8137-4975-8090-0078731F5C5F}.Release|Any CPU.ActiveCfg = Release|Any CPU
		{5D640331-8137-4975-8090-0078731F5C5F}.Release|Any CPU.Build.0 = Release|Any CPU
		{0A95D547-67D4-4C8A-8DBF-D6E8B9667CFD}.Debug|Any CPU.ActiveCfg = Debug|Any CPU
		{0A95D547-67D4-4C8A-8DBF-D6E8B9667CFD}.Debug|Any CPU.Build.0 = Debug|Any CPU
		{0A95D547-67D4-4C8A-8DBF-D6E8B9667CFD}.Release|Any CPU.ActiveCfg = Release|Any CPU
		{0A95D547-67D4-4C8A-8DBF-D6E8B9667CFD}.Release|Any CPU.Build.0 = Release|Any CPU
	EndGlobalSection
	GlobalSection(SolutionProperties) = preSolution
		HideSolutionNode = FALSE
	EndGlobalSection
	GlobalSection(NestedProjects) = preSolution
		{A8D6B689-482A-4964-9B3C-1BF9DA9496E3} = {36B51694-3E21-4365-9064-8FE1C66802FA}
		{B3CC1EFC-DA6C-45F3-9AA6-D75FDBE1504B} = {36B51694-3E21-4365-9064-8FE1C66802FA}
		{4EA05C50-C0AE-4ACB-90BA-A4433A9A1C61} = {36B51694-3E21-4365-9064-8FE1C66802FA}
		{68412EBF-701D-467D-8716-74269E171F41} = {05DE980B-A2A7-4235-AE53-3167E94699DD}
		{85B5E913-F347-4EA6-B7D6-FED1BFD1FB89} = {9FE16521-EC21-4551-9E51-0C6702D21098}
		{374A128A-2E02-4978-A629-2B820B8A48E5} = {9FE16521-EC21-4551-9E51-0C6702D21098}
		{111D6B3F-0005-4740-B486-CFA7FD887F3D} = {832447E5-7A46-4381-817C-5D73A20510C2}
		{3952688E-AEDD-4197-8760-5987185680B0} = {9FE16521-EC21-4551-9E51-0C6702D21098}
		{BC92EDE8-BDD4-49B2-AFFC-475DB29209B7} = {05DE980B-A2A7-4235-AE53-3167E94699DD}
		{9E2BAFBA-DD6E-44B8-803E-A9F6B3DB47B6} = {05DE980B-A2A7-4235-AE53-3167E94699DD}
		{539A7F51-A284-4268-AA14-98BB6122F5EB} = {832447E5-7A46-4381-817C-5D73A20510C2}
		{6AB73278-5569-481E-88E3-9845BEEDB086} = {832447E5-7A46-4381-817C-5D73A20510C2}
		{5D640331-8137-4975-8090-0078731F5C5F} = {05DE980B-A2A7-4235-AE53-3167E94699DD}
		{0A95D547-67D4-4C8A-8DBF-D6E8B9667CFD} = {05DE980B-A2A7-4235-AE53-3167E94699DD}
	EndGlobalSection
	GlobalSection(ExtensibilityGlobals) = postSolution
		SolutionGuid = {AFC8647C-38F2-4CB1-9225-7985A66DFE71}
	EndGlobalSection
EndGlobal
